
Microsoft Visual Studio Solution File, Format Version 12.00
# Visual Studio 2013
VisualStudioVersion = 12.0.31101.0
MinimumVisualStudioVersion = 10.0.40219.1
Project("{FAE04EC0-301F-11D3-BF4B-00C04F79EFBC}") = "ReactMvcDemo", "ReactMvcDemo\ReactMvcDemo.csproj", "{B4C91EAD-C92D-4C02-BF35-5AF79D220CD7}"
EndProject
Project("{FAE04EC0-301F-11D3-BF4B-00C04F79EFBC}") = "ReactMvcDemo.Tests", "ReactMvcDemo.Tests\ReactMvcDemo.Tests.csproj", "{23FEBFCE-474C-40E2-A983-6A55912FD48C}"
EndProject
Global
	GlobalSection(SolutionConfigurationPlatforms) = preSolution
		Debug|Any CPU = Debug|Any CPU
		Release|Any CPU = Release|Any CPU
	EndGlobalSection
	GlobalSection(ProjectConfigurationPlatforms) = postSolution
		{B4C91EAD-C92D-4C02-BF35-5AF79D220CD7}.Debug|Any CPU.ActiveCfg = Debug|Any CPU
		{B4C91EAD-C92D-4C02-BF35-5AF79D220CD7}.Debug|Any CPU.Build.0 = Debug|Any CPU
		{B4C91EAD-C92D-4C02-BF35-5AF79D220CD7}.Release|Any CPU.ActiveCfg = Release|Any CPU
		{B4C91EAD-C92D-4C02-BF35-5AF79D220CD7}.Release|Any CPU.Build.0 = Release|Any CPU
		{23FEBFCE-474C-40E2-A983-6A55912FD48C}.Debug|Any CPU.ActiveCfg = Debug|Any CPU
		{23FEBFCE-474C-40E2-A983-6A55912FD48C}.Debug|Any CPU.Build.0 = Debug|Any CPU
		{23FEBFCE-474C-40E2-A983-6A55912FD48C}.Release|Any CPU.ActiveCfg = Release|Any CPU
		{23FEBFCE-474C-40E2-A983-6A55912FD48C}.Release|Any CPU.Build.0 = Release|Any CPU
	EndGlobalSection
	GlobalSection(SolutionProperties) = preSolution
		HideSolutionNode = FALSE
	EndGlobalSection
EndGlobal
